# DO NOT EDIT MANUALLY - Managed by Fern Replay
version: "1.0"
generations:
  - commit_sha: 647a0ff6d69f6b383937db2a1c7b1101087467fc
    tree_hash: c19b8cb83776ac0bdb595ff81726640258c5220c
    timestamp: 2026-08-25T02:11:13.268Z
    cli_version: unknown
    generator_versions: {}
  - commit_sha: f888586256a2f09e80da4406a6ef6fc864a2f9a8
    tree_hash: 927730df2520b78cbfe2c711603ed63716cdb49c
    timestamp: 2026-08-25T02:11:14.164Z
    cli_version: unknown
    generator_versions:
      fernapi/fern-go-sdk: 1.57.3
  - commit_sha: 6aa5c2b9c8224902606231647808c1b73c742fcc
    tree_hash: 663d396f5c0066225191cfd9186c7cb4cdc821a7
    timestamp: 2026-08-25T06:29:39.887Z
    cli_version: unknown
    generator_versions:
      fernapi/fern-go-sdk: 1.57.3
  - commit_sha: 131b4b566aa5f8782fe8c5855bf7b75e968278dc
    tree_hash: ad839edea4f354f31c7e9961657d4691aee56531
    timestamp: 2026-08-25T18:48:47.648Z
    cli_version: unknown
    generator_versions:
      fernapi/fern-go-sdk: 1.57.3
  - commit_sha: cf9f18e156a5388073b0941a9594c6f6447ecdca
    tree_hash: d219ee21b210ba0a30f78f8e6e744a12b0ccb937
    timestamp: 2026-08-25T22:44:11.862Z
    cli_version: unknown
    generator_versions:
      fernapi/fern-go-sdk: 1.57.3
  - commit_sha: ec38106b1a1c6760920f83ea8796bb0567d1026f
    tree_hash: ffd6a81e4b983417f6325500c6acf715d86620b6
    timestamp: 2026-08-26T03:59:45.885Z
    cli_version: unknown
    generator_versions:
      fernapi/fern-go-sdk: 1.57.3
  - commit_sha: 1e97cbb1d981b7913034415522083b2216ddc172
    tree_hash: 0afec58cb70a757c731e07f4f2344395b4ec119d
    timestamp: 2026-08-27T20:06:32.638Z
    cli_version: unknown
    generator_versions:
      fernapi/fern-go-sdk: 1.57.3
  - commit_sha: 69cdf33431caedaed36a1fd8f8c57e5223817569
    tree_hash: 82044898ea1b2ef921fe8811684343b7f7c12690
    timestamp: 2026-08-27T20:21:52.867Z
    cli_version: unknown
    generator_versions:
      fernapi/fern-go-sdk: 1.57.3
  - commit_sha: 3866f32bc6e68eb2b560cb8fbe5d7755815c8a8c
    tree_hash: 968e9bef9643f4352a66d8259d12f39b6eb6201b
    timestamp: 2026-08-28T17:17:27.383Z
    cli_version: unknown
    generator_versions:
      fernapi/fern-go-sdk: 1.57.3
  - commit_sha: 65c6be3932ec4a762540acfd164eb6ccfd38a78b
    tree_hash: a8ed3b648f3165e9869e8cabb490effce621d1de
    timestamp: 2026-08-31T18:23:38.955Z
    cli_version: unknown
    generator_versions:
      fernapi/fern-go-sdk: 1.57.3
  - commit_sha: de2c8a65d6b0cf6de2424f0481fdcc5b735430df
    tree_hash: 34ec6e016211aa93efe4411e3a3686f107076e43
    timestamp: 2026-09-03T00:27:15.564Z
    cli_version: unknown
    generator_versions:
      fernapi/fern-go-sdk: 1.57.3
  - commit_sha: 6def9db5633ee4d0b3f638540deaeba09e6907a5
    tree_hash: 86257ac15bc5be0601ee6fbc7e3972e42e0b5ac7
    timestamp: 2026-09-03T02:37:13.208Z
    cli_version: unknown
    generator_versions:
      fernapi/fern-go-sdk: 1.57.3
  - commit_sha: eb374f20b12a357587d77bc19567511b505d60fd
    tree_hash: f3a4c23a3567caed3e028d28e872889239c06fb1
    timestamp: 2026-09-03T03:51:25.447Z
    cli_version: unknown
    generator_versions:
      fernapi/fern-go-sdk: 1.57.3
  - commit_sha: 68fae35ac6734305783344282cfc9d38e8519e8b
    tree_hash: 0ef7eae60fb2505ed3a85d50b3541f7d45da1e1b
    timestamp: 2026-09-03T06:12:53.820Z
    cli_version: unknown
    generator_versions:
      fernapi/fern-go-sdk: 1.57.3
current_generation: 68fae35ac6734305783344282cfc9d38e8519e8b
patches: []
