# DO NOT EDIT MANUALLY - Managed by Fern Replay
version: "1.0"
generations:
  - commit_sha: 647a0ff6d69f6b383937db2a1c7b1101087467fc
    tree_hash: c19b8cb83776ac0bdb595ff81726640258c5220c
    timestamp: 2026-08-25T02:11:13.268Z
    cli_version: unknown
    generator_versions: {}
  - commit_sha: f888586256a2f09e80da4406a6ef6fc864a2f9a8
    tree_hash: 927730df2520b78cbfe2c711603ed63716cdb49c
    timestamp: 2026-08-25T02:11:14.164Z
    cli_version: unknown
    generator_versions:
      fernapi/fern-go-sdk: 1.57.3
  - commit_sha: 6aa5c2b9c8224902606231647808c1b73c742fcc
    tree_hash: 663d396f5c0066225191cfd9186c7cb4cdc821a7
    timestamp: 2026-08-25T06:29:39.887Z
    cli_version: unknown
    generator_versions:
      fernapi/fern-go-sdk: 1.57.3
  - commit_sha: 131b4b566aa5f8782fe8c5855bf7b75e968278dc
    tree_hash: ad839edea4f354f31c7e9961657d4691aee56531
    timestamp: 2026-08-25T18:48:47.648Z
    cli_version: unknown
    generator_versions:
      fernapi/fern-go-sdk: 1.57.3
  - commit_sha: cf9f18e156a5388073b0941a9594c6f6447ecdca
    tree_hash: d219ee21b210ba0a30f78f8e6e744a12b0ccb937
    timestamp: 2026-08-25T22:44:11.862Z
    cli_version: unknown
    generator_versions:
      fernapi/fern-go-sdk: 1.57.3
current_generation: cf9f18e156a5388073b0941a9594c6f6447ecdca
patches: []
