# DO NOT EDIT MANUALLY - Managed by Fern Replay
version: "1.0"
generations:
  - commit_sha: 647a0ff6d69f6b383937db2a1c7b1101087467fc
    tree_hash: c19b8cb83776ac0bdb595ff81726640258c5220c
    timestamp: 2026-08-25T02:11:13.268Z
    cli_version: unknown
    generator_versions: {}
  - commit_sha: f888586256a2f09e80da4406a6ef6fc864a2f9a8
    tree_hash: 927730df2520b78cbfe2c711603ed63716cdb49c
    timestamp: 2026-08-25T02:11:14.164Z
    cli_version: unknown
    generator_versions:
      fernapi/fern-go-sdk: 1.57.3
  - commit_sha: 6aa5c2b9c8224902606231647808c1b73c742fcc
    tree_hash: 663d396f5c0066225191cfd9186c7cb4cdc821a7
    timestamp: 2026-08-25T06:29:39.887Z
    cli_version: unknown
    generator_versions:
      fernapi/fern-go-sdk: 1.57.3
  - commit_sha: 131b4b566aa5f8782fe8c5855bf7b75e968278dc
    tree_hash: ad839edea4f354f31c7e9961657d4691aee56531
    timestamp: 2026-08-25T18:48:47.648Z
    cli_version: unknown
    generator_versions:
      fernapi/fern-go-sdk: 1.57.3
  - commit_sha: cf9f18e156a5388073b0941a9594c6f6447ecdca
    tree_hash: d219ee21b210ba0a30f78f8e6e744a12b0ccb937
    timestamp: 2026-08-25T22:44:11.862Z
    cli_version: unknown
    generator_versions:
      fernapi/fern-go-sdk: 1.57.3
  - commit_sha: ec38106b1a1c6760920f83ea8796bb0567d1026f
    tree_hash: ffd6a81e4b983417f6325500c6acf715d86620b6
    timestamp: 2026-08-26T03:59:45.885Z
    cli_version: unknown
    generator_versions:
      fernapi/fern-go-sdk: 1.57.3
  - commit_sha: 1e97cbb1d981b7913034415522083b2216ddc172
    tree_hash: 0afec58cb70a757c731e07f4f2344395b4ec119d
    timestamp: 2026-08-27T20:06:32.638Z
    cli_version: unknown
    generator_versions:
      fernapi/fern-go-sdk: 1.57.3
  - commit_sha: 69cdf33431caedaed36a1fd8f8c57e5223817569
    tree_hash: 82044898ea1b2ef921fe8811684343b7f7c12690
    timestamp: 2026-08-27T20:21:52.867Z
    cli_version: unknown
    generator_versions:
      fernapi/fern-go-sdk: 1.57.3
  - commit_sha: 3866f32bc6e68eb2b560cb8fbe5d7755815c8a8c
    tree_hash: 968e9bef9643f4352a66d8259d12f39b6eb6201b
    timestamp: 2026-08-28T17:17:27.383Z
    cli_version: unknown
    generator_versions:
      fernapi/fern-go-sdk: 1.57.3
  - commit_sha: 65c6be3932ec4a762540acfd164eb6ccfd38a78b
    tree_hash: a8ed3b648f3165e9869e8cabb490effce621d1de
    timestamp: 2026-08-31T18:23:38.955Z
    cli_version: unknown
    generator_versions:
      fernapi/fern-go-sdk: 1.57.3
  - commit_sha: de2c8a65d6b0cf6de2424f0481fdcc5b735430df
    tree_hash: 34ec6e016211aa93efe4411e3a3686f107076e43
    timestamp: 2026-09-03T00:27:15.564Z
    cli_version: unknown
    generator_versions:
      fernapi/fern-go-sdk: 1.57.3
  - commit_sha: 6def9db5633ee4d0b3f638540deaeba09e6907a5
    tree_hash: 86257ac15bc5be0601ee6fbc7e3972e42e0b5ac7
    timestamp: 2026-09-03T02:37:13.208Z
    cli_version: unknown
    generator_versions:
      fernapi/fern-go-sdk: 1.57.3
  - commit_sha: eb374f20b12a357587d77bc19567511b505d60fd
    tree_hash: f3a4c23a3567caed3e028d28e872889239c06fb1
    timestamp: 2026-09-03T03:51:25.447Z
    cli_version: unknown
    generator_versions:
      fernapi/fern-go-sdk: 1.57.3
  - commit_sha: 68fae35ac6734305783344282cfc9d38e8519e8b
    tree_hash: 0ef7eae60fb2505ed3a85d50b3541f7d45da1e1b
    timestamp: 2026-09-03T06:12:53.820Z
    cli_version: unknown
    generator_versions:
      fernapi/fern-go-sdk: 1.57.3
  - commit_sha: 9bd52872a3663f2515d26e0397a5f68b3e1903ee
    tree_hash: 214650426e95e8c1b15e4bbd46d2f35567a05cf1
    timestamp: 2026-09-08T20:04:57.857Z
    cli_version: unknown
    generator_versions:
      fernapi/fern-go-sdk: 1.57.3
  - commit_sha: 56cbbb2c443b8dd5f7e4205da469604b4977dcd4
    tree_hash: 41b42471521e3e59de04afea4e2b03470447706c
    timestamp: 2026-09-08T20:20:19.484Z
    cli_version: unknown
    generator_versions:
      fernapi/fern-go-sdk: 1.57.3
  - commit_sha: 4ad619ae7e514623e219b6f81e9a7baf354e015c
    tree_hash: b8661cd664f0ad3edd702264c7368c58c5a41c72
    timestamp: 2026-09-10T04:00:41.686Z
    cli_version: unknown
    generator_versions:
      fernapi/fern-go-sdk: 1.57.3
  - commit_sha: 7569ca556010f36191ccaa17116e31089537c0f4
    tree_hash: e9dff86721672fe0c9da81de10713db86121e896
    timestamp: 2026-09-10T04:48:41.104Z
    cli_version: unknown
    generator_versions:
      fernapi/fern-go-sdk: 1.57.3
  - commit_sha: 3255a3c4668eea63ea7ceefd04785e061d875b85
    tree_hash: b9050c300759f5bfc79f8a1f6b9264fbb4e2241d
    timestamp: 2026-09-10T15:06:31.238Z
    cli_version: unknown
    generator_versions:
      fernapi/fern-go-sdk: 1.57.3
  - commit_sha: 7cc3a1c689941193bbb946c552b1d3bfc173fc98
    tree_hash: 2efd2d47eb37e0a287d4e96ffb1250e1194dd47d
    timestamp: 2026-09-10T17:26:48.991Z
    cli_version: unknown
    generator_versions:
      fernapi/fern-go-sdk: 1.57.3
  - commit_sha: b03e55d8352affd6f69c9bd91a42a615e6dcca19
    tree_hash: bfec9ed661a71aa80071369a1f83fa0ac1bd07b4
    timestamp: 2026-09-10T18:12:06.263Z
    cli_version: unknown
    generator_versions:
      fernapi/fern-go-sdk: 1.57.3
  - commit_sha: 0a39aa0f3782eaa6f459607bd6617761b5916d01
    tree_hash: c7a8f23c7a03fd514daede80ad15a3c41d8fe154
    timestamp: 2026-09-10T19:27:02.780Z
    cli_version: unknown
    generator_versions:
      fernapi/fern-go-sdk: 1.57.3
  - commit_sha: aaedaf215216e5451804fbfd21c73b645ac095a7
    tree_hash: 19da2e367b2995f9ed17306696c9f6cc6917076e
    timestamp: 2026-09-10T21:19:50.108Z
    cli_version: unknown
    generator_versions:
      fernapi/fern-go-sdk: 1.57.3
  - commit_sha: 8b265734e59189a4d8849d14a1ca3a7f24353e13
    tree_hash: 150438d5e4e592ca8d59eb136504923207a1843e
    timestamp: 2026-09-10T21:34:44.760Z
    cli_version: unknown
    generator_versions:
      fernapi/fern-go-sdk: 1.57.3
  - commit_sha: 734c7986673ccc6e6aa96c88546f2607ba02d5a9
    tree_hash: 79aae5a49e636f23a3af78f3133e1bbdb17e732a
    timestamp: 2026-09-10T23:19:18.575Z
    cli_version: unknown
    generator_versions:
      fernapi/fern-go-sdk: 1.57.3
  - commit_sha: a1ba3a15a16bdc2acb08d7ed964efc6114720ede
    tree_hash: 52e1d6b5ac8050c50984359aa96c35ab983acf63
    timestamp: 2026-09-10T23:46:32.529Z
    cli_version: unknown
    generator_versions:
      fernapi/fern-go-sdk: 1.57.3
  - commit_sha: 64041d43f7d6bd32d931b8d3fe2523d5be9e27a0
    tree_hash: 12f5dac2bbadfc52bf651020fdc56ffdb8cf564f
    timestamp: 2026-09-11T00:01:14.509Z
    cli_version: unknown
    generator_versions:
      fernapi/fern-go-sdk: 1.57.3
  - commit_sha: a07d25f72c97c016eadbdbc42a40815634ff1726
    tree_hash: 4a680a15b456916a53f5c836c39c657e3242912d
    timestamp: 2026-09-11T00:16:12.659Z
    cli_version: unknown
    generator_versions:
      fernapi/fern-go-sdk: 1.57.3
  - commit_sha: f221f79946e14b9d0ed75b721a5f77793c2c0a32
    tree_hash: e57d03be1218c74ab65c0a64f0165facedfeaef8
    timestamp: 2026-09-11T00:45:39.347Z
    cli_version: unknown
    generator_versions:
      fernapi/fern-go-sdk: 1.57.3
  - commit_sha: 62e6034033ae285e79172d321ecd069ba3873bee
    tree_hash: 9ef6467169cd2aac5849de8ff74f5883ff3867a5
    timestamp: 2026-09-11T01:34:41.393Z
    cli_version: unknown
    generator_versions:
      fernapi/fern-go-sdk: 1.57.3
  - commit_sha: cdd2cc46226d6ae2567d04224bc82b4314101da4
    tree_hash: be2f3be4e5b3ca68df51e2bd5b02ec4ad5558c58
    timestamp: 2026-09-11T02:02:37.990Z
    cli_version: unknown
    generator_versions:
      fernapi/fern-go-sdk: 1.57.3
  - commit_sha: d73d51574f965f4bbfd00e9c32f7e8ac4029f4f6
    tree_hash: bf5f5c3c222d50909e21cb6a9f58fe66fd49e266
    timestamp: 2026-09-11T03:41:25.487Z
    cli_version: unknown
    generator_versions:
      fernapi/fern-go-sdk: 1.57.3
  - commit_sha: 04d312abaea837edcf923070d9918afb0bb41411
    tree_hash: f5521ecedf9b33e340ad0fb2262ad7d259cad148
    timestamp: 2026-09-11T04:48:49.216Z
    cli_version: unknown
    generator_versions:
      fernapi/fern-go-sdk: 1.57.3
  - commit_sha: 76e5e21bd7ec43048f9d8c9231f044df9fce8903
    tree_hash: ebec1a9b8b0da7b1e1ac2dde8ad6633ababc599a
    timestamp: 2026-09-11T05:03:29.188Z
    cli_version: unknown
    generator_versions:
      fernapi/fern-go-sdk: 1.57.3
  - commit_sha: 57170173315e47a8a580b16fec147ce817a20551
    tree_hash: b70506e684cb784eb0d85f59d298ba81eea02f68
    timestamp: 2026-09-11T05:59:16.583Z
    cli_version: unknown
    generator_versions:
      fernapi/fern-go-sdk: 1.57.3
  - commit_sha: d13726c0bc02c73fd39c21df522de772fae34027
    tree_hash: 6b18b75fa63fb374beeb8f186bf5ba3da483fd7a
    timestamp: 2026-09-11T06:38:00.057Z
    cli_version: unknown
    generator_versions:
      fernapi/fern-go-sdk: 1.57.3
  - commit_sha: e564ddd994d806db924606344d53abd1e82baa81
    tree_hash: 7a15ca242b9073fcddf4a3b56c1c49a01e6287be
    timestamp: 2026-09-11T16:29:02.874Z
    cli_version: unknown
    generator_versions:
      fernapi/fern-go-sdk: 1.57.3
  - commit_sha: b0af79706961bc575f50a68284a17c8bbd4ffada
    tree_hash: 384634cd846d987a740a5b9f35503fd936f2fb11
    timestamp: 2026-09-11T17:36:43.469Z
    cli_version: unknown
    generator_versions:
      fernapi/fern-go-sdk: 1.57.3
  - commit_sha: 3dfb7e0302e9c063a9e86b431811c6b05bc1300e
    tree_hash: 02640cc5e8f3233c1a0eef3a0ea25240e1f66df1
    timestamp: 2026-09-11T18:32:34.346Z
    cli_version: unknown
    generator_versions:
      fernapi/fern-go-sdk: 1.57.3
  - commit_sha: 89deac078406179a2616c7e2d9f70cc95375a20f
    tree_hash: 522cd8dfe8d592155c685c893a5f317e929502bb
    timestamp: 2026-09-11T18:57:46.556Z
    cli_version: unknown
    generator_versions:
      fernapi/fern-go-sdk: 1.57.3
  - commit_sha: b4d77d78df3de706651e52735c3e11dc9cd72ae8
    tree_hash: f46f4ae081978b086f0b345049e9f4e1009418c3
    timestamp: 2026-09-11T19:42:42.178Z
    cli_version: unknown
    generator_versions:
      fernapi/fern-go-sdk: 1.57.3
  - commit_sha: 8e214ce17a1f36d98a739d0b4b0fe3c1263865ac
    tree_hash: 3324a43c51ce7c4dc448cfe4df8c7d0967374af5
    timestamp: 2026-09-11T20:51:58.043Z
    cli_version: unknown
    generator_versions:
      fernapi/fern-go-sdk: 1.57.3
  - commit_sha: 76742bed02e7ae791601fc91b6cce2ac6cde5b11
    tree_hash: 91f8f5eaa7749f1cc9a4ce7401eaac88aee5fde6
    timestamp: 2026-09-11T22:09:58.631Z
    cli_version: unknown
    generator_versions:
      fernapi/fern-go-sdk: 1.57.3
  - commit_sha: 5a4e2fd867f69f5e958c02ae24c3a1758355481c
    tree_hash: 86419a23f6de149c09c4994bcb38f6ca7d52b492
    timestamp: 2026-09-11T22:38:42.399Z
    cli_version: unknown
    generator_versions:
      fernapi/fern-go-sdk: 1.57.3
  - commit_sha: d489278edc0bf148b0e7376db369e936016a4113
    tree_hash: ff594825a1aaf0c5903746622d6d1d04753f14cd
    timestamp: 2026-09-12T00:15:46.691Z
    cli_version: unknown
    generator_versions:
      fernapi/fern-go-sdk: 1.57.3
  - commit_sha: 69bfe7344b381d4c873dcbf636831047bece1b98
    tree_hash: 8b80af8e3d43da2e1a0400a0e6900ae306c2d312
    timestamp: 2026-09-12T00:30:58.257Z
    cli_version: unknown
    generator_versions:
      fernapi/fern-go-sdk: 1.57.3
  - commit_sha: d9133a9456b0f0e9b3e9f73eef6009554dddb0f6
    tree_hash: 4ff8b85500e29e6e1dbe09ddc0ff705e689137f9
    timestamp: 2026-09-12T00:48:10.200Z
    cli_version: unknown
    generator_versions:
      fernapi/fern-go-sdk: 1.57.3
  - commit_sha: e2cc75039f84f359b563e7a57f0c8b089edceb9c
    tree_hash: dd8c2f39eadf2042a8917316093c4a15fc7d5c88
    timestamp: 2026-09-12T01:03:11.938Z
    cli_version: unknown
    generator_versions:
      fernapi/fern-go-sdk: 1.57.3
current_generation: e2cc75039f84f359b563e7a57f0c8b089edceb9c
patches: []
